
Microsoft Visual Studio Solution File, Format Version 12.00
# Visual Studio Version 17
VisualStudioVersion = 17.10.34928.147
MinimumVisualStudioVersion = 10.0.40219.1
Project("{FAE04EC0-301F-11D3-BF4B-00C04F79EFBC}") = "WarehouseBalance", "WarehouseBalance\WarehouseBalance.csproj", "{B538B18D-184D-4454-9713-5F769ADB8E8C}"
EndProject
Global
	GlobalSection(SolutionConfigurationPlatforms) = preSolution
		Debug|Any CPU = Debug|Any CPU
		Release|Any CPU = Release|Any CPU
	EndGlobalSection
	GlobalSection(ProjectConfigurationPlatforms) = postSolution
		{B538B18D-184D-4454-9713-5F769ADB8E8C}.Debug|Any CPU.ActiveCfg = Debug|Any CPU
		{B538B18D-184D-4454-9713-5F769ADB8E8C}.Debug|Any CPU.Build.0 = Debug|Any CPU
		{B538B18D-184D-4454-9713-5F769ADB8E8C}.Release|Any CPU.ActiveCfg = Release|Any CPU
		{B538B18D-184D-4454-9713-5F769ADB8E8C}.Release|Any CPU.Build.0 = Release|Any CPU
	EndGlobalSection
	GlobalSection(SolutionProperties) = preSolution
		HideSolutionNode = FALSE
	EndGlobalSection
	GlobalSection(ExtensibilityGlobals) = postSolution
		SolutionGuid = {9263FC37-94CB-4824-B2D5-A8308B618279}
	EndGlobalSection
EndGlobal
